// !$*UTF8*$!
{
	archiveVersion = 1;
	classes = {
	};
	objectVersion = 46;
	objects = {

/* Begin PBXBuildFile section */
		0C36510E1D30910800857854 /* main.m in Sources */ = {isa = PBXBuildFile; fileRef = 0C36510D1D30910800857854 /* main.m */; };
		0C3651191D30910800857854 /* Assets.xcassets in Resources */ = {isa = PBXBuildFile; fileRef = 0C3651181D30910800857854 /* Assets.xcassets */; };
		0C36511C1D30910800857854 /* LaunchScreen.storyboard in Resources */ = {isa = PBXBuildFile; fileRef = 0C36511A1D30910800857854 /* LaunchScreen.storyboard */; };
		0C3651271D30910800857854 /* Mi_ToShowTests.m in Sources */ = {isa = PBXBuildFile; fileRef = 0C3651261D30910800857854 /* Mi_ToShowTests.m */; };
		0C3651321D30910800857854 /* Mi_ToShowUITests.m in Sources */ = {isa = PBXBuildFile; fileRef = 0C3651311D30910800857854 /* Mi_ToShowUITests.m */; };
		0C36515F1D30A2D700857854 /* TSHomeController.m in Sources */ = {isa = PBXBuildFile; fileRef = 0C36515E1D30A2D700857854 /* TSHomeController.m */; };
		0C3651631D30A34500857854 /* TSMeController.m in Sources */ = {isa = PBXBuildFile; fileRef = 0C3651621D30A34500857854 /* TSMeController.m */; };
		0C36517C1D30D90500857854 /* UIView+Extension.m in Sources */ = {isa = PBXBuildFile; fileRef = 0C36517B1D30D90500857854 /* UIView+Extension.m */; };
		0C36517E1D30E49F00857854 /* Foundation+Log.m in Sources */ = {isa = PBXBuildFile; fileRef = 0C36517D1D30E49F00857854 /* Foundation+Log.m */; };
		0C3651891D30E4C500857854 /* NSString+SizeWithFont.m in Sources */ = {isa = PBXBuildFile; fileRef = 0C3651801D30E4C500857854 /* NSString+SizeWithFont.m */; };
		0C36518A1D30E4C500857854 /* UIButton+costomBtn.m in Sources */ = {isa = PBXBuildFile; fileRef = 0C3651821D30E4C500857854 /* UIButton+costomBtn.m */; };
		0C36518B1D30E4C500857854 /* UIColor+LJ.m in Sources */ = {isa = PBXBuildFile; fileRef = 0C3651841D30E4C500857854 /* UIColor+LJ.m */; };
		0C36518C1D30E4C500857854 /* UIFont+LJ.m in Sources */ = {isa = PBXBuildFile; fileRef = 0C3651861D30E4C500857854 /* UIFont+LJ.m */; };
		0C36518D1D30E4C500857854 /* UIImage+Mi.m in Sources */ = {isa = PBXBuildFile; fileRef = 0C3651881D30E4C500857854 /* UIImage+Mi.m */; };
		0C852B751D3DBBB800366171 /* UIImageView+TSWebImageView.m in Sources */ = {isa = PBXBuildFile; fileRef = 0C852B741D3DBBB800366171 /* UIImageView+TSWebImageView.m */; };
		0C852B781D3DCD7300366171 /* TSMessageMeController.m in Sources */ = {isa = PBXBuildFile; fileRef = 0C852B771D3DCD7300366171 /* TSMessageMeController.m */; };
		0C852B7E1D3DCE2600366171 /* TSMessageLetterController.m in Sources */ = {isa = PBXBuildFile; fileRef = 0C852B7D1D3DCE2600366171 /* TSMessageLetterController.m */; };
		0C852B831D3DD87600366171 /* TSMessageMeCell.m in Sources */ = {isa = PBXBuildFile; fileRef = 0C852B821D3DD87600366171 /* TSMessageMeCell.m */; };
		0C852B861D3DD97800366171 /* TSBasicCell.m in Sources */ = {isa = PBXBuildFile; fileRef = 0C852B851D3DD97800366171 /* TSBasicCell.m */; };
		0C852B891D3DF63F00366171 /* TSCellBottomLine.m in Sources */ = {isa = PBXBuildFile; fileRef = 0C852B881D3DF63F00366171 /* TSCellBottomLine.m */; };
		0C852B8C1D3DFA7C00366171 /* TSLetterCell.m in Sources */ = {isa = PBXBuildFile; fileRef = 0C852B8B1D3DFA7C00366171 /* TSLetterCell.m */; };
		0C852B8E1D3DFAF800366171 /* TSLetterCell.xib in Resources */ = {isa = PBXBuildFile; fileRef = 0C852B8D1D3DFAF800366171 /* TSLetterCell.xib */; };
		0C9B0F981D388A9A00F76773 /* DrawTopic.m in Sources */ = {isa = PBXBuildFile; fileRef = 0C9B0F8C1D388A9A00F76773 /* DrawTopic.m */; };
		0C9B0F991D388A9A00F76773 /* TSAllDrawTopic.m in Sources */ = {isa = PBXBuildFile; fileRef = 0C9B0F8E1D388A9A00F76773 /* TSAllDrawTopic.m */; };
		0C9B0F9A1D388A9A00F76773 /* TSBanner.m in Sources */ = {isa = PBXBuildFile; fileRef = 0C9B0F901D388A9A00F76773 /* TSBanner.m */; };
		0C9B0F9B1D388A9A00F76773 /* TSTopic.m in Sources */ = {isa = PBXBuildFile; fileRef = 0C9B0F921D388A9A00F76773 /* TSTopic.m */; };
		0C9B0F9C1D388A9A00F76773 /* TSUser.m in Sources */ = {isa = PBXBuildFile; fileRef = 0C9B0F941D388A9A00F76773 /* TSUser.m */; };
		0C9B0F9D1D388A9A00F76773 /* TSWork.m in Sources */ = {isa = PBXBuildFile; fileRef = 0C9B0F961D388A9A00F76773 /* TSWork.m */; };
		0C9B0FAB1D388AC400F76773 /* TSDrawHotTableViewCell.m in Sources */ = {isa = PBXBuildFile; fileRef = 0C9B0FA21D388AC400F76773 /* TSDrawHotTableViewCell.m */; };
		0C9B0FAC1D388AC400F76773 /* TSDrawHotTableViewCell.xib in Resources */ = {isa = PBXBuildFile; fileRef = 0C9B0FA31D388AC400F76773 /* TSDrawHotTableViewCell.xib */; };
		0C9B0FAD1D388AC400F76773 /* TSDrawNewCell.m in Sources */ = {isa = PBXBuildFile; fileRef = 0C9B0FA51D388AC400F76773 /* TSDrawNewCell.m */; };
		0C9B0FAE1D388AC400F76773 /* TSDrawNewCell.xib in Resources */ = {isa = PBXBuildFile; fileRef = 0C9B0FA61D388AC400F76773 /* TSDrawNewCell.xib */; };
		0C9B0FAF1D388AC400F76773 /* TSCollectionHeaderView.m in Sources */ = {isa = PBXBuildFile; fileRef = 0C9B0FA91D388AC400F76773 /* TSCollectionHeaderView.m */; };
		0C9B0FB21D38B2F900F76773 /* TSSquareCollectionViewCell.m in Sources */ = {isa = PBXBuildFile; fileRef = 0C9B0FB11D38B2F900F76773 /* TSSquareCollectionViewCell.m */; };
		0C9B0FB41D38B33100F76773 /* TSSquareCollectionViewCell.xib in Resources */ = {isa = PBXBuildFile; fileRef = 0C9B0FB31D38B33100F76773 /* TSSquareCollectionViewCell.xib */; };
		0C9B0FB71D38D7D300F76773 /* TSSomeOneView.m in Sources */ = {isa = PBXBuildFile; fileRef = 0C9B0FB61D38D7D300F76773 /* TSSomeOneView.m */; };
		0CA6F9421D3335610019A7BA /* TSCareController.m in Sources */ = {isa = PBXBuildFile; fileRef = 0CA6F9411D3335610019A7BA /* TSCareController.m */; };
		0CA6F9461D33356F0019A7BA /* TSDrawController.m in Sources */ = {isa = PBXBuildFile; fileRef = 0CA6F9451D33356F0019A7BA /* TSDrawController.m */; };
		0CA6F94A1D33357E0019A7BA /* TSMessageController.m in Sources */ = {isa = PBXBuildFile; fileRef = 0CA6F9491D33357E0019A7BA /* TSMessageController.m */; };
		0CA6F95A1D333D610019A7BA /* AppDelegate.mm in Sources */ = {isa = PBXBuildFile; fileRef = 0CA6F94D1D333D610019A7BA /* AppDelegate.mm */; };
		0CA6F95B1D333D610019A7BA /* TSBasicViewController.m in Sources */ = {isa = PBXBuildFile; fileRef = 0CA6F9501D333D610019A7BA /* TSBasicViewController.m */; };
		0CA6F95C1D333D610019A7BA /* TSNavigationController.m in Sources */ = {isa = PBXBuildFile; fileRef = 0CA6F9521D333D610019A7BA /* TSNavigationController.m */; };
		0CA6F95D1D333D610019A7BA /* TSTabBarController.m in Sources */ = {isa = PBXBuildFile; fileRef = 0CA6F9541D333D610019A7BA /* TSTabBarController.m */; };
		0CA6F95E1D333D610019A7BA /* TSCustomTabBar.m in Sources */ = {isa = PBXBuildFile; fileRef = 0CA6F9571D333D610019A7BA /* TSCustomTabBar.m */; };
		0CA6F95F1D333D610019A7BA /* TSTabBar.m in Sources */ = {isa = PBXBuildFile; fileRef = 0CA6F9591D333D610019A7BA /* TSTabBar.m */; };
		0CA6F9651D336EBD0019A7BA /* TSNavigationBar.m in Sources */ = {isa = PBXBuildFile; fileRef = 0CA6F9641D336EBD0019A7BA /* TSNavigationBar.m */; };
		0CA6F96B1D3393160019A7BA /* TSHomeLeftController.m in Sources */ = {isa = PBXBuildFile; fileRef = 0CA6F96A1D3393160019A7BA /* TSHomeLeftController.m */; };
		0CA6F96E1D3393240019A7BA /* TSHomeRightController.m in Sources */ = {isa = PBXBuildFile; fileRef = 0CA6F96D1D3393240019A7BA /* TSHomeRightController.m */; };
		0CD5C0D91D372A1C001689CB /* TSNetWorkTool.m in Sources */ = {isa = PBXBuildFile; fileRef = 0CD5C0D81D372A1C001689CB /* TSNetWorkTool.m */; };
		0CD5C0DB1D372F5C001689CB /* https.cer in Resources */ = {isa = PBXBuildFile; fileRef = 0CD5C0DA1D372F5C001689CB /* https.cer */; };
		0CD5C0DE1D372FE9001689CB /* AFNetAPIClient.m in Sources */ = {isa = PBXBuildFile; fileRef = 0CD5C0DD1D372FE9001689CB /* AFNetAPIClient.m */; };
		0CD7F3C41D3C71E900F50AD3 /* UIColor+TS.m in Sources */ = {isa = PBXBuildFile; fileRef = 0CD7F3C31D3C71E900F50AD3 /* UIColor+TS.m */; };
		0CD7F3C71D3CAD7900F50AD3 /* TSConst.m in Sources */ = {isa = PBXBuildFile; fileRef = 0CD7F3C61D3CAD7900F50AD3 /* TSConst.m */; };
		0CD9A74D1D3A0D9C0031FA05 /* TSCollectionFootView.m in Sources */ = {isa = PBXBuildFile; fileRef = 0CD9A74C1D3A0D9C0031FA05 /* TSCollectionFootView.m */; };
		0CD9A7501D3A0EE30031FA05 /* TSLeftTitleRightImageButton.m in Sources */ = {isa = PBXBuildFile; fileRef = 0CD9A74F1D3A0EE30031FA05 /* TSLeftTitleRightImageButton.m */; };
		0CD9A7531D3A2EC10031FA05 /* TSTool.m in Sources */ = {isa = PBXBuildFile; fileRef = 0CD9A7521D3A2EC10031FA05 /* TSTool.m */; };
		0CE3A7371D34DFB400D3AC88 /* TAAbstractDotView.m in Sources */ = {isa = PBXBuildFile; fileRef = 0CE3A72A1D34DFB400D3AC88 /* TAAbstractDotView.m */; };
		0CE3A7381D34DFB400D3AC88 /* TAAnimatedDotView.m in Sources */ = {isa = PBXBuildFile; fileRef = 0CE3A72C1D34DFB400D3AC88 /* TAAnimatedDotView.m */; };
		0CE3A7391D34DFB400D3AC88 /* TADotView.m in Sources */ = {isa = PBXBuildFile; fileRef = 0CE3A72E1D34DFB400D3AC88 /* TADotView.m */; };
		0CE3A73A1D34DFB400D3AC88 /* TAPageControl.m in Sources */ = {isa = PBXBuildFile; fileRef = 0CE3A7301D34DFB400D3AC88 /* TAPageControl.m */; };
		0CE3A73B1D34DFB400D3AC88 /* SDCollectionViewCell.m in Sources */ = {isa = PBXBuildFile; fileRef = 0CE3A7321D34DFB400D3AC88 /* SDCollectionViewCell.m */; };
		0CE3A73C1D34DFB400D3AC88 /* SDCycleScrollView.m in Sources */ = {isa = PBXBuildFile; fileRef = 0CE3A7341D34DFB400D3AC88 /* SDCycleScrollView.m */; };
		0CE3A73D1D34DFB400D3AC88 /* UIView+SDExtension.m in Sources */ = {isa = PBXBuildFile; fileRef = 0CE3A7361D34DFB400D3AC88 /* UIView+SDExtension.m */; };
		6D4E09CD8F029C78BE0372F1 /* Pods_Mi_ToShow.framework in Frameworks */ = {isa = PBXBuildFile; fileRef = 8B31774FAB52BA628F0B2A2B /* Pods_Mi_ToShow.framework */; };
/* End PBXBuildFile section */

/* Begin PBXContainerItemProxy section */
		0C3651231D30910800857854 /* PBXContainerItemProxy */ = {
			isa = PBXContainerItemProxy;
			containerPortal = 0C3651011D30910800857854 /* Project object */;
			proxyType = 1;
			remoteGlobalIDString = 0C3651081D30910800857854;
			remoteInfo = "Mi-ToShow";
		};
		0C36512E1D30910800857854 /* PBXContainerItemProxy */ = {
			isa = PBXContainerItemProxy;
			containerPortal = 0C3651011D30910800857854 /* Project object */;
			proxyType = 1;
			remoteGlobalIDString = 0C3651081D30910800857854;
			remoteInfo = "Mi-ToShow";
		};
/* End PBXContainerItemProxy section */

/* Begin PBXFileReference section */
		0C3651091D30910800857854 /* Mi-ToShow.app */ = {isa = PBXFileReference; explicitFileType = wrapper.application; includeInIndex = 0; path = "Mi-ToShow.app"; sourceTree = BUILT_PRODUCTS_DIR; };
		0C36510D1D30910800857854 /* main.m */ = {isa = PBXFileReference; lastKnownFileType = sourcecode.c.objc; path = main.m; sourceTree = "<group>"; };
		0C3651181D30910800857854 /* Assets.xcassets */ = {isa = PBXFileReference; lastKnownFileType = folder.assetcatalog; path = Assets.xcassets; sourceTree = "<group>"; };
		0C36511B1D30910800857854 /* Base */ = {isa = PBXFileReference; lastKnownFileType = file.storyboard; name = Base; path = Base.lproj/LaunchScreen.storyboard; sourceTree = "<group>"; };
		0C36511D1D30910800857854 /* Info.plist */ = {isa = PBXFileReference; lastKnownFileType = text.plist.xml; path = Info.plist; sourceTree = "<group>"; };
		0C3651221D30910800857854 /* Mi-ToShowTests.xctest */ = {isa = PBXFileReference; explicitFileType = wrapper.cfbundle; includeInIndex = 0; path = "Mi-ToShowTests.xctest"; sourceTree = BUILT_PRODUCTS_DIR; };
		0C3651261D30910800857854 /* Mi_ToShowTests.m */ = {isa = PBXFileReference; lastKnownFileType = sourcecode.c.objc; path = Mi_ToShowTests.m; sourceTree = "<group>"; };
		0C3651281D30910800857854 /* Info.plist */ = {isa = PBXFileReference; lastKnownFileType = text.plist.xml; path = Info.plist; sourceTree = "<group>"; };
		0C36512D1D30910800857854 /* Mi-ToShowUITests.xctest */ = {isa = PBXFileReference; explicitFileType = wrapper.cfbundle; includeInIndex = 0; path = "Mi-ToShowUITests.xctest"; sourceTree = BUILT_PRODUCTS_DIR; };
		0C3651311D30910800857854 /* Mi_ToShowUITests.m */ = {isa = PBXFileReference; lastKnownFileType = sourcecode.c.objc; path = Mi_ToShowUITests.m; sourceTree = "<group>"; };
		0C3651331D30910800857854 /* Info.plist */ = {isa = PBXFileReference; lastKnownFileType = text.plist.xml; path = Info.plist; sourceTree = "<group>"; };
		0C36514D1D30980400857854 /* TSHeader.pch */ = {isa = PBXFileReference; lastKnownFileType = sourcecode.c.h; path = TSHeader.pch; sourceTree = "<group>"; };
		0C36515D1D30A2D700857854 /* TSHomeController.h */ = {isa = PBXFileReference; fileEncoding = 4; lastKnownFileType = sourcecode.c.h; path = TSHomeController.h; sourceTree = "<group>"; };
		0C36515E1D30A2D700857854 /* TSHomeController.m */ = {isa = PBXFileReference; fileEncoding = 4; lastKnownFileType = sourcecode.c.objc; path = TSHomeController.m; sourceTree = "<group>"; };
		0C3651611D30A34500857854 /* TSMeController.h */ = {isa = PBXFileReference; fileEncoding = 4; lastKnownFileType = sourcecode.c.h; path = TSMeController.h; sourceTree = "<group>"; };
		0C3651621D30A34500857854 /* TSMeController.m */ = {isa = PBXFileReference; fileEncoding = 4; lastKnownFileType = sourcecode.c.objc; path = TSMeController.m; sourceTree = "<group>"; };
		0C36517A1D30D90500857854 /* UIView+Extension.h */ = {isa = PBXFileReference; fileEncoding = 4; lastKnownFileType = sourcecode.c.h; path = "UIView+Extension.h"; sourceTree = "<group>"; };
		0C36517B1D30D90500857854 /* UIView+Extension.m */ = {isa = PBXFileReference; fileEncoding = 4; lastKnownFileType = sourcecode.c.objc; path = "UIView+Extension.m"; sourceTree = "<group>"; };
		0C36517D1D30E49F00857854 /* Foundation+Log.m */ = {isa = PBXFileReference; fileEncoding = 4; lastKnownFileType = sourcecode.c.objc; path = "Foundation+Log.m"; sourceTree = "<group>"; };
		0C36517F1D30E4C500857854 /* NSString+SizeWithFont.h */ = {isa = PBXFileReference; fileEncoding = 4; lastKnownFileType = sourcecode.c.h; path = "NSString+SizeWithFont.h"; sourceTree = "<group>"; };
		0C3651801D30E4C500857854 /* NSString+SizeWithFont.m */ = {isa = PBXFileReference; fileEncoding = 4; lastKnownFileType = sourcecode.c.objc; path = "NSString+SizeWithFont.m"; sourceTree = "<group>"; };
		0C3651811D30E4C500857854 /* UIButton+costomBtn.h */ = {isa = PBXFileReference; fileEncoding = 4; lastKnownFileType = sourcecode.c.h; path = "UIButton+costomBtn.h"; sourceTree = "<group>"; };
		0C3651821D30E4C500857854 /* UIButton+costomBtn.m */ = {isa = PBXFileReference; fileEncoding = 4; lastKnownFileType = sourcecode.c.objc; path = "UIButton+costomBtn.m"; sourceTree = "<group>"; };
		0C3651831D30E4C500857854 /* UIColor+LJ.h */ = {isa = PBXFileReference; fileEncoding = 4; lastKnownFileType = sourcecode.c.h; path = "UIColor+LJ.h"; sourceTree = "<group>"; };
		0C3651841D30E4C500857854 /* UIColor+LJ.m */ = {isa = PBXFileReference; fileEncoding = 4; lastKnownFileType = sourcecode.c.objc; path = "UIColor+LJ.m"; sourceTree = "<group>"; };
		0C3651851D30E4C500857854 /* UIFont+LJ.h */ = {isa = PBXFileReference; fileEncoding = 4; lastKnownFileType = sourcecode.c.h; path = "UIFont+LJ.h"; sourceTree = "<group>"; };
		0C3651861D30E4C500857854 /* UIFont+LJ.m */ = {isa = PBXFileReference; fileEncoding = 4; lastKnownFileType = sourcecode.c.objc; path = "UIFont+LJ.m"; sourceTree = "<group>"; };
		0C3651871D30E4C500857854 /* UIImage+Mi.h */ = {isa = PBXFileReference; fileEncoding = 4; lastKnownFileType = sourcecode.c.h; path = "UIImage+Mi.h"; sourceTree = "<group>"; };
		0C3651881D30E4C500857854 /* UIImage+Mi.m */ = {isa = PBXFileReference; fileEncoding = 4; lastKnownFileType = sourcecode.c.objc; path = "UIImage+Mi.m"; sourceTree = "<group>"; };
		0C852B731D3DBBB800366171 /* UIImageView+TSWebImageView.h */ = {isa = PBXFileReference; fileEncoding = 4; lastKnownFileType = sourcecode.c.h; path = "UIImageView+TSWebImageView.h"; sourceTree = "<group>"; };
		0C852B741D3DBBB800366171 /* UIImageView+TSWebImageView.m */ = {isa = PBXFileReference; fileEncoding = 4; lastKnownFileType = sourcecode.c.objc; path = "UIImageView+TSWebImageView.m"; sourceTree = "<group>"; };
		0C852B761D3DCD7300366171 /* TSMessageMeController.h */ = {isa = PBXFileReference; fileEncoding = 4; lastKnownFileType = sourcecode.c.h; path = TSMessageMeController.h; sourceTree = "<group>"; };
		0C852B771D3DCD7300366171 /* TSMessageMeController.m */ = {isa = PBXFileReference; fileEncoding = 4; lastKnownFileType = sourcecode.c.objc; path = TSMessageMeController.m; sourceTree = "<group>"; };
		0C852B7C1D3DCE2600366171 /* TSMessageLetterController.h */ = {isa = PBXFileReference; fileEncoding = 4; lastKnownFileType = sourcecode.c.h; path = TSMessageLetterController.h; sourceTree = "<group>"; };
		0C852B7D1D3DCE2600366171 /* TSMessageLetterController.m */ = {isa = PBXFileReference; fileEncoding = 4; lastKnownFileType = sourcecode.c.objc; path = TSMessageLetterController.m; sourceTree = "<group>"; };
		0C852B811D3DD87600366171 /* TSMessageMeCell.h */ = {isa = PBXFileReference; fileEncoding = 4; lastKnownFileType = sourcecode.c.h; path = TSMessageMeCell.h; sourceTree = "<group>"; };
		0C852B821D3DD87600366171 /* TSMessageMeCell.m */ = {isa = PBXFileReference; fileEncoding = 4; lastKnownFileType = sourcecode.c.objc; path = TSMessageMeCell.m; sourceTree = "<group>"; };
		0C852B841D3DD97800366171 /* TSBasicCell.h */ = {isa = PBXFileReference; fileEncoding = 4; lastKnownFileType = sourcecode.c.h; path = TSBasicCell.h; sourceTree = "<group>"; };
		0C852B851D3DD97800366171 /* TSBasicCell.m */ = {isa = PBXFileReference; fileEncoding = 4; lastKnownFileType = sourcecode.c.objc; path = TSBasicCell.m; sourceTree = "<group>"; };
		0C852B871D3DF63F00366171 /* TSCellBottomLine.h */ = {isa = PBXFileReference; fileEncoding = 4; lastKnownFileType = sourcecode.c.h; path = TSCellBottomLine.h; sourceTree = "<group>"; };
		0C852B881D3DF63F00366171 /* TSCellBottomLine.m */ = {isa = PBXFileReference; fileEncoding = 4; lastKnownFileType = sourcecode.c.objc; path = TSCellBottomLine.m; sourceTree = "<group>"; };
		0C852B8A1D3DFA7C00366171 /* TSLetterCell.h */ = {isa = PBXFileReference; fileEncoding = 4; lastKnownFileType = sourcecode.c.h; path = TSLetterCell.h; sourceTree = "<group>"; };
		0C852B8B1D3DFA7C00366171 /* TSLetterCell.m */ = {isa = PBXFileReference; fileEncoding = 4; lastKnownFileType = sourcecode.c.objc; path = TSLetterCell.m; sourceTree = "<group>"; };
		0C852B8D1D3DFAF800366171 /* TSLetterCell.xib */ = {isa = PBXFileReference; fileEncoding = 4; lastKnownFileType = file.xib; path = TSLetterCell.xib; sourceTree = "<group>"; };
		0C9B0F8B1D388A9A00F76773 /* DrawTopic.h */ = {isa = PBXFileReference; fileEncoding = 4; lastKnownFileType = sourcecode.c.h; path = DrawTopic.h; sourceTree = "<group>"; };
		0C9B0F8C1D388A9A00F76773 /* DrawTopic.m */ = {isa = PBXFileReference; fileEncoding = 4; lastKnownFileType = sourcecode.c.objc; path = DrawTopic.m; sourceTree = "<group>"; };
		0C9B0F8D1D388A9A00F76773 /* TSAllDrawTopic.h */ = {isa = PBXFileReference; fileEncoding = 4; lastKnownFileType = sourcecode.c.h; path = TSAllDrawTopic.h; sourceTree = "<group>"; };
		0C9B0F8E1D388A9A00F76773 /* TSAllDrawTopic.m */ = {isa = PBXFileReference; fileEncoding = 4; lastKnownFileType = sourcecode.c.objc; path = TSAllDrawTopic.m; sourceTree = "<group>"; };
		0C9B0F8F1D388A9A00F76773 /* TSBanner.h */ = {isa = PBXFileReference; fileEncoding = 4; lastKnownFileType = sourcecode.c.h; path = TSBanner.h; sourceTree = "<group>"; };
		0C9B0F901D388A9A00F76773 /* TSBanner.m */ = {isa = PBXFileReference; fileEncoding = 4; lastKnownFileType = sourcecode.c.objc; path = TSBanner.m; sourceTree = "<group>"; };
		0C9B0F911D388A9A00F76773 /* TSTopic.h */ = {isa = PBXFileReference; fileEncoding = 4; lastKnownFileType = sourcecode.c.h; path = TSTopic.h; sourceTree = "<group>"; };
		0C9B0F921D388A9A00F76773 /* TSTopic.m */ = {isa = PBXFileReference; fileEncoding = 4; lastKnownFileType = sourcecode.c.objc; path = TSTopic.m; sourceTree = "<group>"; };
		0C9B0F931D388A9A00F76773 /* TSUser.h */ = {isa = PBXFileReference; fileEncoding = 4; lastKnownFileType = sourcecode.c.h; path = TSUser.h; sourceTree = "<group>"; };
		0C9B0F941D388A9A00F76773 /* TSUser.m */ = {isa = PBXFileReference; fileEncoding = 4; lastKnownFileType = sourcecode.c.objc; path = TSUser.m; sourceTree = "<group>"; };
		0C9B0F951D388A9A00F76773 /* TSWork.h */ = {isa = PBXFileReference; fileEncoding = 4; lastKnownFileType = sourcecode.c.h; path = TSWork.h; sourceTree = "<group>"; };
		0C9B0F961D388A9A00F76773 /* TSWork.m */ = {isa = PBXFileReference; fileEncoding = 4; lastKnownFileType = sourcecode.c.objc; path = TSWork.m; sourceTree = "<group>"; };
		0C9B0FA11D388AC400F76773 /* TSDrawHotTableViewCell.h */ = {isa = PBXFileReference; fileEncoding = 4; lastKnownFileType = sourcecode.c.h; path = TSDrawHotTableViewCell.h; sourceTree = "<group>"; };
		0C9B0FA21D388AC400F76773 /* TSDrawHotTableViewCell.m */ = {isa = PBXFileReference; fileEncoding = 4; lastKnownFileType = sourcecode.c.objc; path = TSDrawHotTableViewCell.m; sourceTree = "<group>"; };
		0C9B0FA31D388AC400F76773 /* TSDrawHotTableViewCell.xib */ = {isa = PBXFileReference; fileEncoding = 4; lastKnownFileType = file.xib; path = TSDrawHotTableViewCell.xib; sourceTree = "<group>"; };
		0C9B0FA41D388AC400F76773 /* TSDrawNewCell.h */ = {isa = PBXFileReference; fileEncoding = 4; lastKnownFileType = sourcecode.c.h; path = TSDrawNewCell.h; sourceTree = "<group>"; };
		0C9B0FA51D388AC400F76773 /* TSDrawNewCell.m */ = {isa = PBXFileReference; fileEncoding = 4; lastKnownFileType = sourcecode.c.objc; path = TSDrawNewCell.m; sourceTree = "<group>"; };
		0C9B0FA61D388AC400F76773 /* TSDrawNewCell.xib */ = {isa = PBXFileReference; fileEncoding = 4; lastKnownFileType = file.xib; path = TSDrawNewCell.xib; sourceTree = "<group>"; };
		0C9B0FA81D388AC400F76773 /* TSCollectionHeaderView.h */ = {isa = PBXFileReference; fileEncoding = 4; lastKnownFileType = sourcecode.c.h; path = TSCollectionHeaderView.h; sourceTree = "<group>"; };
		0C9B0FA91D388AC400F76773 /* TSCollectionHeaderView.m */ = {isa = PBXFileReference; fileEncoding = 4; lastKnownFileType = sourcecode.c.objc; path = TSCollectionHeaderView.m; sourceTree = "<group>"; };
		0C9B0FB01D38B2F900F76773 /* TSSquareCollectionViewCell.h */ = {isa = PBXFileReference; fileEncoding = 4; lastKnownFileType = sourcecode.c.h; path = TSSquareCollectionViewCell.h; sourceTree = "<group>"; };
		0C9B0FB11D38B2F900F76773 /* TSSquareCollectionViewCell.m */ = {isa = PBXFileReference; fileEncoding = 4; lastKnownFileType = sourcecode.c.objc; path = TSSquareCollectionViewCell.m; sourceTree = "<group>"; };
		0C9B0FB31D38B33100F76773 /* TSSquareCollectionViewCell.xib */ = {isa = PBXFileReference; fileEncoding = 4; lastKnownFileType = file.xib; path = TSSquareCollectionViewCell.xib; sourceTree = "<group>"; };
		0C9B0FB51D38D7D300F76773 /* TSSomeOneView.h */ = {isa = PBXFileReference; fileEncoding = 4; lastKnownFileType = sourcecode.c.h; path = TSSomeOneView.h; sourceTree = "<group>"; };
		0C9B0FB61D38D7D300F76773 /* TSSomeOneView.m */ = {isa = PBXFileReference; fileEncoding = 4; lastKnownFileType = sourcecode.c.objc; path = TSSomeOneView.m; sourceTree = "<group>"; };
		0CA6F9401D3335610019A7BA /* TSCareController.h */ = {isa = PBXFileReference; fileEncoding = 4; lastKnownFileType = sourcecode.c.h; path = TSCareController.h; sourceTree = "<group>"; };
		0CA6F9411D3335610019A7BA /* TSCareController.m */ = {isa = PBXFileReference; fileEncoding = 4; lastKnownFileType = sourcecode.c.objc; path = TSCareController.m; sourceTree = "<group>"; };
		0CA6F9441D33356F0019A7BA /* TSDrawController.h */ = {isa = PBXFileReference; fileEncoding = 4; lastKnownFileType = sourcecode.c.h; path = TSDrawController.h; sourceTree = "<group>"; };
		0CA6F9451D33356F0019A7BA /* TSDrawController.m */ = {isa = PBXFileReference; fileEncoding = 4; lastKnownFileType = sourcecode.c.objc; path = TSDrawController.m; sourceTree = "<group>"; };
		0CA6F9481D33357E0019A7BA /* TSMessageController.h */ = {isa = PBXFileReference; fileEncoding = 4; lastKnownFileType = sourcecode.c.h; path = TSMessageController.h; sourceTree = "<group>"; };
		0CA6F9491D33357E0019A7BA /* TSMessageController.m */ = {isa = PBXFileReference; fileEncoding = 4; lastKnownFileType = sourcecode.c.objc; path = TSMessageController.m; sourceTree = "<group>"; };
		0CA6F94C1D333D610019A7BA /* AppDelegate.h */ = {isa = PBXFileReference; fileEncoding = 4; lastKnownFileType = sourcecode.c.h; path = AppDelegate.h; sourceTree = "<group>"; };
		0CA6F94D1D333D610019A7BA /* AppDelegate.mm */ = {isa = PBXFileReference; fileEncoding = 4; lastKnownFileType = sourcecode.cpp.objcpp; path = AppDelegate.mm; sourceTree = "<group>"; };
		0CA6F94F1D333D610019A7BA /* TSBasicViewController.h */ = {isa = PBXFileReference; fileEncoding = 4; lastKnownFileType = sourcecode.c.h; path = TSBasicViewController.h; sourceTree = "<group>"; };
		0CA6F9501D333D610019A7BA /* TSBasicViewController.m */ = {isa = PBXFileReference; fileEncoding = 4; indentWidth = 5; lastKnownFileType = sourcecode.c.objc; path = TSBasicViewController.m; sourceTree = "<group>"; };
		0CA6F9511D333D610019A7BA /* TSNavigationController.h */ = {isa = PBXFileReference; fileEncoding = 4; lastKnownFileType = sourcecode.c.h; path = TSNavigationController.h; sourceTree = "<group>"; };
		0CA6F9521D333D610019A7BA /* TSNavigationController.m */ = {isa = PBXFileReference; fileEncoding = 4; lastKnownFileType = sourcecode.c.objc; path = TSNavigationController.m; sourceTree = "<group>"; };
		0CA6F9531D333D610019A7BA /* TSTabBarController.h */ = {isa = PBXFileReference; fileEncoding = 4; lastKnownFileType = sourcecode.c.h; path = TSTabBarController.h; sourceTree = "<group>"; };
		0CA6F9541D333D610019A7BA /* TSTabBarController.m */ = {isa = PBXFileReference; fileEncoding = 4; lastKnownFileType = sourcecode.c.objc; path = TSTabBarController.m; sourceTree = "<group>"; };
		0CA6F9561D333D610019A7BA /* TSCustomTabBar.h */ = {isa = PBXFileReference; fileEncoding = 4; lastKnownFileType = sourcecode.c.h; path = TSCustomTabBar.h; sourceTree = "<group>"; };
		0CA6F9571D333D610019A7BA /* TSCustomTabBar.m */ = {isa = PBXFileReference; fileEncoding = 4; lastKnownFileType = sourcecode.c.objc; path = TSCustomTabBar.m; sourceTree = "<group>"; };
		0CA6F9581D333D610019A7BA /* TSTabBar.h */ = {isa = PBXFileReference; fileEncoding = 4; lastKnownFileType = sourcecode.c.h; path = TSTabBar.h; sourceTree = "<group>"; };
		0CA6F9591D333D610019A7BA /* TSTabBar.m */ = {isa = PBXFileReference; fileEncoding = 4; lastKnownFileType = sourcecode.c.objc; path = TSTabBar.m; sourceTree = "<group>"; };
		0CA6F9631D336EBD0019A7BA /* TSNavigationBar.h */ = {isa = PBXFileReference; fileEncoding = 4; lastKnownFileType = sourcecode.c.h; path = TSNavigationBar.h; sourceTree = "<group>"; };
		0CA6F9641D336EBD0019A7BA /* TSNavigationBar.m */ = {isa = PBXFileReference; fileEncoding = 4; lastKnownFileType = sourcecode.c.objc; path = TSNavigationBar.m; sourceTree = "<group>"; };
		0CA6F9691D3393160019A7BA /* TSHomeLeftController.h */ = {isa = PBXFileReference; fileEncoding = 4; lastKnownFileType = sourcecode.c.h; path = TSHomeLeftController.h; sourceTree = "<group>"; };
		0CA6F96A1D3393160019A7BA /* TSHomeLeftController.m */ = {isa = PBXFileReference; fileEncoding = 4; lastKnownFileType = sourcecode.c.objc; path = TSHomeLeftController.m; sourceTree = "<group>"; };
		0CA6F96C1D3393240019A7BA /* TSHomeRightController.h */ = {isa = PBXFileReference; fileEncoding = 4; lastKnownFileType = sourcecode.c.h; path = TSHomeRightController.h; sourceTree = "<group>"; };
		0CA6F96D1D3393240019A7BA /* TSHomeRightController.m */ = {isa = PBXFileReference; fileEncoding = 4; lastKnownFileType = sourcecode.c.objc; path = TSHomeRightController.m; sourceTree = "<group>"; };
		0CD5C0D71D372A1C001689CB /* TSNetWorkTool.h */ = {isa = PBXFileReference; fileEncoding = 4; lastKnownFileType = sourcecode.c.h; path = TSNetWorkTool.h; sourceTree = "<group>"; };
		0CD5C0D81D372A1C001689CB /* TSNetWorkTool.m */ = {isa = PBXFileReference; fileEncoding = 4; lastKnownFileType = sourcecode.c.objc; path = TSNetWorkTool.m; sourceTree = "<group>"; };
		0CD5C0DA1D372F5C001689CB /* https.cer */ = {isa = PBXFileReference; lastKnownFileType = file; path = https.cer; sourceTree = "<group>"; };
		0CD5C0DC1D372FE9001689CB /* AFNetAPIClient.h */ = {isa = PBXFileReference; fileEncoding = 4; lastKnownFileType = sourcecode.c.h; path = AFNetAPIClient.h; sourceTree = "<group>"; };
		0CD5C0DD1D372FE9001689CB /* AFNetAPIClient.m */ = {isa = PBXFileReference; fileEncoding = 4; lastKnownFileType = sourcecode.c.objc; path = AFNetAPIClient.m; sourceTree = "<group>"; };
		0CD7F3C21D3C71E900F50AD3 /* UIColor+TS.h */ = {isa = PBXFileReference; fileEncoding = 4; lastKnownFileType = sourcecode.c.h; path = "UIColor+TS.h"; sourceTree = "<group>"; };
		0CD7F3C31D3C71E900F50AD3 /* UIColor+TS.m */ = {isa = PBXFileReference; fileEncoding = 4; lastKnownFileType = sourcecode.c.objc; path = "UIColor+TS.m"; sourceTree = "<group>"; };
		0CD7F3C51D3CAD7900F50AD3 /* TSConst.h */ = {isa = PBXFileReference; fileEncoding = 4; lastKnownFileType = sourcecode.c.h; path = TSConst.h; sourceTree = "<group>"; };
		0CD7F3C61D3CAD7900F50AD3 /* TSConst.m */ = {isa = PBXFileReference; fileEncoding = 4; lastKnownFileType = sourcecode.c.objc; path = TSConst.m; sourceTree = "<group>"; };
		0CD9A74B1D3A0D9C0031FA05 /* TSCollectionFootView.h */ = {isa = PBXFileReference; fileEncoding = 4; lastKnownFileType = sourcecode.c.h; path = TSCollectionFootView.h; sourceTree = "<group>"; };
		0CD9A74C1D3A0D9C0031FA05 /* TSCollectionFootView.m */ = {isa = PBXFileReference; fileEncoding = 4; lastKnownFileType = sourcecode.c.objc; path = TSCollectionFootView.m; sourceTree = "<group>"; };
		0CD9A74E1D3A0EE30031FA05 /* TSLeftTitleRightImageButton.h */ = {isa = PBXFileReference; fileEncoding = 4; lastKnownFileType = sourcecode.c.h; path = TSLeftTitleRightImageButton.h; sourceTree = "<group>"; };
		0CD9A74F1D3A0EE30031FA05 /* TSLeftTitleRightImageButton.m */ = {isa = PBXFileReference; fileEncoding = 4; lastKnownFileType = sourcecode.c.objc; path = TSLeftTitleRightImageButton.m; sourceTree = "<group>"; };
		0CD9A7511D3A2EC10031FA05 /* TSTool.h */ = {isa = PBXFileReference; fileEncoding = 4; lastKnownFileType = sourcecode.c.h; path = TSTool.h; sourceTree = "<group>"; };
		0CD9A7521D3A2EC10031FA05 /* TSTool.m */ = {isa = PBXFileReference; fileEncoding = 4; lastKnownFileType = sourcecode.c.objc; path = TSTool.m; sourceTree = "<group>"; };
		0CD9A7541D3A2FF00031FA05 /* Singleton.h */ = {isa = PBXFileReference; fileEncoding = 4; lastKnownFileType = sourcecode.c.h; path = Singleton.h; sourceTree = "<group>"; };
		0CE3A7291D34DFB400D3AC88 /* TAAbstractDotView.h */ = {isa = PBXFileReference; fileEncoding = 4; lastKnownFileType = sourcecode.c.h; path = TAAbstractDotView.h; sourceTree = "<group>"; };
		0CE3A72A1D34DFB400D3AC88 /* TAAbstractDotView.m */ = {isa = PBXFileReference; fileEncoding = 4; lastKnownFileType = sourcecode.c.objc; path = TAAbstractDotView.m; sourceTree = "<group>"; };
		0CE3A72B1D34DFB400D3AC88 /* TAAnimatedDotView.h */ = {isa = PBXFileReference; fileEncoding = 4; lastKnownFileType = sourcecode.c.h; path = TAAnimatedDotView.h; sourceTree = "<group>"; };
		0CE3A72C1D34DFB400D3AC88 /* TAAnimatedDotView.m */ = {isa = PBXFileReference; fileEncoding = 4; lastKnownFileType = sourcecode.c.objc; path = TAAnimatedDotView.m; sourceTree = "<group>"; };
		0CE3A72D1D34DFB400D3AC88 /* TADotView.h */ = {isa = PBXFileReference; fileEncoding = 4; lastKnownFileType = sourcecode.c.h; path = TADotView.h; sourceTree = "<group>"; };
		0CE3A72E1D34DFB400D3AC88 /* TADotView.m */ = {isa = PBXFileReference; fileEncoding = 4; lastKnownFileType = sourcecode.c.objc; path = TADotView.m; sourceTree = "<group>"; };
		0CE3A72F1D34DFB400D3AC88 /* TAPageControl.h */ = {isa = PBXFileReference; fileEncoding = 4; lastKnownFileType = sourcecode.c.h; path = TAPageControl.h; sourceTree = "<group>"; };
		0CE3A7301D34DFB400D3AC88 /* TAPageControl.m */ = {isa = PBXFileReference; fileEncoding = 4; lastKnownFileType = sourcecode.c.objc; path = TAPageControl.m; sourceTree = "<group>"; };
		0CE3A7311D34DFB400D3AC88 /* SDCollectionViewCell.h */ = {isa = PBXFileReference; fileEncoding = 4; lastKnownFileType = sourcecode.c.h; path = SDCollectionViewCell.h; sourceTree = "<group>"; };
		0CE3A7321D34DFB400D3AC88 /* SDCollectionViewCell.m */ = {isa = PBXFileReference; fileEncoding = 4; lastKnownFileType = sourcecode.c.objc; path = SDCollectionViewCell.m; sourceTree = "<group>"; };
		0CE3A7331D34DFB400D3AC88 /* SDCycleScrollView.h */ = {isa = PBXFileReference; fileEncoding = 4; lastKnownFileType = sourcecode.c.h; path = SDCycleScrollView.h; sourceTree = "<group>"; };
		0CE3A7341D34DFB400D3AC88 /* SDCycleScrollView.m */ = {isa = PBXFileReference; fileEncoding = 4; lastKnownFileType = sourcecode.c.objc; path = SDCycleScrollView.m; sourceTree = "<group>"; };
		0CE3A7351D34DFB400D3AC88 /* UIView+SDExtension.h */ = {isa = PBXFileReference; fileEncoding = 4; lastKnownFileType = sourcecode.c.h; path = "UIView+SDExtension.h"; sourceTree = "<group>"; };
		0CE3A7361D34DFB400D3AC88 /* UIView+SDExtension.m */ = {isa = PBXFileReference; fileEncoding = 4; lastKnownFileType = sourcecode.c.objc; path = "UIView+SDExtension.m"; sourceTree = "<group>"; };
		6D2E8B77BA4A5E4B0F248EFF /* Pods-Mi-ToShow.debug.xcconfig */ = {isa = PBXFileReference; includeInIndex = 1; lastKnownFileType = text.xcconfig; name = "Pods-Mi-ToShow.debug.xcconfig"; path = "Pods/Target Support Files/Pods-Mi-ToShow/Pods-Mi-ToShow.debug.xcconfig"; sourceTree = "<group>"; };
		8B31774FAB52BA628F0B2A2B /* Pods_Mi_ToShow.framework */ = {isa = PBXFileReference; explicitFileType = wrapper.framework; includeInIndex = 0; path = Pods_Mi_ToShow.framework; sourceTree = BUILT_PRODUCTS_DIR; };
		929709905FF0C3E405C007CE /* Pods-Mi-ToShow.release.xcconfig */ = {isa = PBXFileReference; includeInIndex = 1; lastKnownFileType = text.xcconfig; name = "Pods-Mi-ToShow.release.xcconfig"; path = "Pods/Target Support Files/Pods-Mi-ToShow/Pods-Mi-ToShow.release.xcconfig"; sourceTree = "<group>"; };
/* End PBXFileReference section */

/* Begin PBXFrameworksBuildPhase section */
		0C3651061D30910800857854 /* Frameworks */ = {
			isa = PBXFrameworksBuildPhase;
			buildActionMask = 2147483647;
			files = (
				6D4E09CD8F029C78BE0372F1 /* Pods_Mi_ToShow.framework in Frameworks */,
			);
			runOnlyForDeploymentPostprocessing = 0;
		};
		0C36511F1D30910800857854 /* Frameworks */ = {
			isa = PBXFrameworksBuildPhase;
			buildActionMask = 2147483647;
			files = (
			);
			runOnlyForDeploymentPostprocessing = 0;
		};
		0C36512A1D30910800857854 /* Frameworks */ = {
			isa = PBXFrameworksBuildPhase;
			buildActionMask = 2147483647;
			files = (
			);
			runOnlyForDeploymentPostprocessing = 0;
		};
/* End PBXFrameworksBuildPhase section */

/* Begin PBXGroup section */
		0C3651001D30910800857854 = {
			isa = PBXGroup;
			children = (
				0C36510B1D30910800857854 /* Mi-ToShow */,
				0C3651251D30910800857854 /* Mi-ToShowTests */,
				0C3651301D30910800857854 /* Mi-ToShowUITests */,
				0C36510A1D30910800857854 /* Products */,
				3D86F745F3AB2EBBF3A2CCE6 /* Pods */,
				3AE97AE8A9DCD7F20DD0C2CB /* Frameworks */,
			);
			sourceTree = "<group>";
		};
		0C36510A1D30910800857854 /* Products */ = {
			isa = PBXGroup;
			children = (
				0C3651091D30910800857854 /* Mi-ToShow.app */,
				0C3651221D30910800857854 /* Mi-ToShowTests.xctest */,
				0C36512D1D30910800857854 /* Mi-ToShowUITests.xctest */,
			);
			name = Products;
			sourceTree = "<group>";
		};
		0C36510B1D30910800857854 /* Mi-ToShow */ = {
			isa = PBXGroup;
			children = (
				0C36513F1D3096A600857854 /* Classes */,
				0C36510C1D30910800857854 /* Supporting Files */,
			);
			path = "Mi-ToShow";
			sourceTree = "<group>";
		};
		0C36510C1D30910800857854 /* Supporting Files */ = {
			isa = PBXGroup;
			children = (
				0CD5C0DA1D372F5C001689CB /* https.cer */,
				0C3651181D30910800857854 /* Assets.xcassets */,
				0C36511A1D30910800857854 /* LaunchScreen.storyboard */,
				0C36511D1D30910800857854 /* Info.plist */,
				0C36510D1D30910800857854 /* main.m */,
			);
			name = "Supporting Files";
			sourceTree = "<group>";
		};
		0C3651251D30910800857854 /* Mi-ToShowTests */ = {
			isa = PBXGroup;
			children = (
				0C3651261D30910800857854 /* Mi_ToShowTests.m */,
				0C3651281D30910800857854 /* Info.plist */,
			);
			path = "Mi-ToShowTests";
			sourceTree = "<group>";
		};
		0C3651301D30910800857854 /* Mi-ToShowUITests */ = {
			isa = PBXGroup;
			children = (
				0C3651311D30910800857854 /* Mi_ToShowUITests.m */,
				0C3651331D30910800857854 /* Info.plist */,
			);
			path = "Mi-ToShowUITests";
			sourceTree = "<group>";
		};
		0C36513F1D3096A600857854 /* Classes */ = {
			isa = PBXGroup;
			children = (
				0C3651421D3096A600857854 /* Home */,
				0C3651431D3096A600857854 /* Main */,
				0C3651701D30A40200857854 /* Care */,
				0C3651411D3096A600857854 /* Draw */,
				0C3651461D3096A600857854 /* Me */,
				0C3651471D3096A600857854 /* Message */,
				0C3651481D3096A600857854 /* Other */,
			);
			path = Classes;
			sourceTree = "<group>";
		};
		0C3651411D3096A600857854 /* Draw */ = {
			isa = PBXGroup;
			children = (
				0CA6F9431D33356F0019A7BA /* Controller */,
			);
			path = Draw;
			sourceTree = "<group>";
		};
		0C3651421D3096A600857854 /* Home */ = {
			isa = PBXGroup;
			children = (
				0C3651571D30A29300857854 /* Controller */,
				0C3651581D30A29300857854 /* Model */,
				0C3651591D30A29300857854 /* View */,
			);
			path = Home;
			sourceTree = "<group>";
		};
		0C3651431D3096A600857854 /* Main */ = {
			isa = PBXGroup;
			children = (
				0CA6F94B1D333D610019A7BA /* AppDelegate */,
				0CA6F94E1D333D610019A7BA /* Controller */,
				0CA6F9551D333D610019A7BA /* View */,
			);
			path = Main;
			sourceTree = "<group>";
		};
		0C3651461D3096A600857854 /* Me */ = {
			isa = PBXGroup;
			children = (
				0C3651601D30A33A00857854 /* Controller */,
			);
			path = Me;
			sourceTree = "<group>";
		};
		0C3651471D3096A600857854 /* Message */ = {
			isa = PBXGroup;
			children = (
				0C852B7F1D3DD85700366171 /* Model */,
				0C852B801D3DD85700366171 /* View */,
				0CA6F9471D33357E0019A7BA /* Controller */,
			);
			path = Message;
			sourceTree = "<group>";
		};
		0C3651481D3096A600857854 /* Other */ = {
			isa = PBXGroup;
			children = (
				0CD5C0D61D3729EB001689CB /* Tool */,
				0C36514C1D3097C600857854 /* Header */,
				0C3651491D3096A600857854 /* Category */,
				0C36514A1D3096A600857854 /* Lib */,
			);
			path = Other;
			sourceTree = "<group>";
		};
		0C3651491D3096A600857854 /* Category */ = {
			isa = PBXGroup;
			children = (
				0C36517F1D30E4C500857854 /* NSString+SizeWithFont.h */,
				0C3651801D30E4C500857854 /* NSString+SizeWithFont.m */,
				0C3651811D30E4C500857854 /* UIButton+costomBtn.h */,
				0C3651821D30E4C500857854 /* UIButton+costomBtn.m */,
				0C3651831D30E4C500857854 /* UIColor+LJ.h */,
				0C3651841D30E4C500857854 /* UIColor+LJ.m */,
				0C3651851D30E4C500857854 /* UIFont+LJ.h */,
				0C3651861D30E4C500857854 /* UIFont+LJ.m */,
				0C3651871D30E4C500857854 /* UIImage+Mi.h */,
				0C3651881D30E4C500857854 /* UIImage+Mi.m */,
				0C36517D1D30E49F00857854 /* Foundation+Log.m */,
				0C36517A1D30D90500857854 /* UIView+Extension.h */,
				0C36517B1D30D90500857854 /* UIView+Extension.m */,
				0CD7F3C21D3C71E900F50AD3 /* UIColor+TS.h */,
				0CD7F3C31D3C71E900F50AD3 /* UIColor+TS.m */,
				0C852B731D3DBBB800366171 /* UIImageView+TSWebImageView.h */,
				0C852B741D3DBBB800366171 /* UIImageView+TSWebImageView.m */,
			);
			path = Category;
			sourceTree = "<group>";
		};
		0C36514A1D3096A600857854 /* Lib */ = {
			isa = PBXGroup;
			children = (
				0CE3A7271D34DFB400D3AC88 /* SDCycleScrollView */,
			);
			path = Lib;
			sourceTree = "<group>";
		};
		0C36514C1D3097C600857854 /* Header */ = {
			isa = PBXGroup;
			children = (
				0C36514D1D30980400857854 /* TSHeader.pch */,
			);
			path = Header;
			sourceTree = "<group>";
		};
		0C3651571D30A29300857854 /* Controller */ = {
			isa = PBXGroup;
			children = (
				0C36515D1D30A2D700857854 /* TSHomeController.h */,
				0C36515E1D30A2D700857854 /* TSHomeController.m */,
				0CA6F9691D3393160019A7BA /* TSHomeLeftController.h */,
				0CA6F96A1D3393160019A7BA /* TSHomeLeftController.m */,
				0CA6F96C1D3393240019A7BA /* TSHomeRightController.h */,
				0CA6F96D1D3393240019A7BA /* TSHomeRightController.m */,
			);
			path = Controller;
			sourceTree = "<group>";
		};
		0C3651581D30A29300857854 /* Model */ = {
			isa = PBXGroup;
			children = (
				0C9B0F8A1D388A9A00F76773 /* LeftModel */,
				0C9B0F971D388A9A00F76773 /* RightModel */,
			);
			path = Model;
			sourceTree = "<group>";
		};
		0C3651591D30A29300857854 /* View */ = {
			isa = PBXGroup;
			children = (
				0C9B0F9E1D388AC400F76773 /* LeftView */,
				0C9B0FA71D388AC400F76773 /* RightView */,
			);
			path = View;
			sourceTree = "<group>";
		};
		0C3651601D30A33A00857854 /* Controller */ = {
			isa = PBXGroup;
			children = (
				0C3651611D30A34500857854 /* TSMeController.h */,
				0C3651621D30A34500857854 /* TSMeController.m */,
			);
			path = Controller;
			sourceTree = "<group>";
		};
		0C3651701D30A40200857854 /* Care */ = {
			isa = PBXGroup;
			children = (
				0CA6F93F1D3335610019A7BA /* Controller */,
			);
			path = Care;
			sourceTree = "<group>";
		};
		0C852B7F1D3DD85700366171 /* Model */ = {
			isa = PBXGroup;
			children = (
			);
			path = Model;
			sourceTree = "<group>";
		};
		0C852B801D3DD85700366171 /* View */ = {
			isa = PBXGroup;
			children = (
				0C852B811D3DD87600366171 /* TSMessageMeCell.h */,
				0C852B821D3DD87600366171 /* TSMessageMeCell.m */,
				0C852B8A1D3DFA7C00366171 /* TSLetterCell.h */,
				0C852B8B1D3DFA7C00366171 /* TSLetterCell.m */,
				0C852B8D1D3DFAF800366171 /* TSLetterCell.xib */,
			);
			path = View;
			sourceTree = "<group>";
		};
		0C9B0F8A1D388A9A00F76773 /* LeftModel */ = {
			isa = PBXGroup;
			children = (
				0C9B0F8B1D388A9A00F76773 /* DrawTopic.h */,
				0C9B0F8C1D388A9A00F76773 /* DrawTopic.m */,
				0C9B0F8D1D388A9A00F76773 /* TSAllDrawTopic.h */,
				0C9B0F8E1D388A9A00F76773 /* TSAllDrawTopic.m */,
				0C9B0F8F1D388A9A00F76773 /* TSBanner.h */,
				0C9B0F901D388A9A00F76773 /* TSBanner.m */,
				0C9B0F911D388A9A00F76773 /* TSTopic.h */,
				0C9B0F921D388A9A00F76773 /* TSTopic.m */,
				0C9B0F931D388A9A00F76773 /* TSUser.h */,
				0C9B0F941D388A9A00F76773 /* TSUser.m */,
				0C9B0F951D388A9A00F76773 /* TSWork.h */,
				0C9B0F961D388A9A00F76773 /* TSWork.m */,
			);
			path = LeftModel;
			sourceTree = "<group>";
		};
		0C9B0F971D388A9A00F76773 /* RightModel */ = {
			isa = PBXGroup;
			children = (
			);
			path = RightModel;
			sourceTree = "<group>";
		};
		0C9B0F9E1D388AC400F76773 /* LeftView */ = {
			isa = PBXGroup;
			children = (
				0C9B0FA11D388AC400F76773 /* TSDrawHotTableViewCell.h */,
				0C9B0FA21D388AC400F76773 /* TSDrawHotTableViewCell.m */,
				0C9B0FA31D388AC400F76773 /* TSDrawHotTableViewCell.xib */,
				0C9B0FA41D388AC400F76773 /* TSDrawNewCell.h */,
				0C9B0FA51D388AC400F76773 /* TSDrawNewCell.m */,
				0C9B0FA61D388AC400F76773 /* TSDrawNewCell.xib */,
			);
			path = LeftView;
			sourceTree = "<group>";
		};
		0C9B0FA71D388AC400F76773 /* RightView */ = {
			isa = PBXGroup;
			children = (
				0CD9A74B1D3A0D9C0031FA05 /* TSCollectionFootView.h */,
				0CD9A74C1D3A0D9C0031FA05 /* TSCollectionFootView.m */,
				0C9B0FA81D388AC400F76773 /* TSCollectionHeaderView.h */,
				0C9B0FA91D388AC400F76773 /* TSCollectionHeaderView.m */,
				0C9B0FB01D38B2F900F76773 /* TSSquareCollectionViewCell.h */,
				0C9B0FB11D38B2F900F76773 /* TSSquareCollectionViewCell.m */,
				0C9B0FB31D38B33100F76773 /* TSSquareCollectionViewCell.xib */,
				0C9B0FB51D38D7D300F76773 /* TSSomeOneView.h */,
				0C9B0FB61D38D7D300F76773 /* TSSomeOneView.m */,
				0CD9A74E1D3A0EE30031FA05 /* TSLeftTitleRightImageButton.h */,
				0CD9A74F1D3A0EE30031FA05 /* TSLeftTitleRightImageButton.m */,
			);
			path = RightView;
			sourceTree = "<group>";
		};
		0CA6F93F1D3335610019A7BA /* Controller */ = {
			isa = PBXGroup;
			children = (
				0CA6F9401D3335610019A7BA /* TSCareController.h */,
				0CA6F9411D3335610019A7BA /* TSCareController.m */,
			);
			path = Controller;
			sourceTree = "<group>";
		};
		0CA6F9431D33356F0019A7BA /* Controller */ = {
			isa = PBXGroup;
			children = (
				0CA6F9441D33356F0019A7BA /* TSDrawController.h */,
				0CA6F9451D33356F0019A7BA /* TSDrawController.m */,
			);
			path = Controller;
			sourceTree = "<group>";
		};
		0CA6F9471D33357E0019A7BA /* Controller */ = {
			isa = PBXGroup;
			children = (
				0CA6F9481D33357E0019A7BA /* TSMessageController.h */,
				0CA6F9491D33357E0019A7BA /* TSMessageController.m */,
				0C852B761D3DCD7300366171 /* TSMessageMeController.h */,
				0C852B771D3DCD7300366171 /* TSMessageMeController.m */,
				0C852B7C1D3DCE2600366171 /* TSMessageLetterController.h */,
				0C852B7D1D3DCE2600366171 /* TSMessageLetterController.m */,
			);
			path = Controller;
			sourceTree = "<group>";
		};
		0CA6F94B1D333D610019A7BA /* AppDelegate */ = {
			isa = PBXGroup;
			children = (
				0CA6F94C1D333D610019A7BA /* AppDelegate.h */,
				0CA6F94D1D333D610019A7BA /* AppDelegate.mm */,
			);
			path = AppDelegate;
			sourceTree = "<group>";
		};
		0CA6F94E1D333D610019A7BA /* Controller */ = {
			isa = PBXGroup;
			children = (
				0CA6F94F1D333D610019A7BA /* TSBasicViewController.h */,
				0CA6F9501D333D610019A7BA /* TSBasicViewController.m */,
				0CA6F9511D333D610019A7BA /* TSNavigationController.h */,
				0CA6F9521D333D610019A7BA /* TSNavigationController.m */,
				0CA6F9531D333D610019A7BA /* TSTabBarController.h */,
				0CA6F9541D333D610019A7BA /* TSTabBarController.m */,
			);
			path = Controller;
			sourceTree = "<group>";
		};
		0CA6F9551D333D610019A7BA /* View */ = {
			isa = PBXGroup;
			children = (
				0C852B871D3DF63F00366171 /* TSCellBottomLine.h */,
				0C852B881D3DF63F00366171 /* TSCellBottomLine.m */,
				0CA6F9631D336EBD0019A7BA /* TSNavigationBar.h */,
				0CA6F9641D336EBD0019A7BA /* TSNavigationBar.m */,
				0CA6F9561D333D610019A7BA /* TSCustomTabBar.h */,
				0CA6F9571D333D610019A7BA /* TSCustomTabBar.m */,
				0CA6F9581D333D610019A7BA /* TSTabBar.h */,
				0CA6F9591D333D610019A7BA /* TSTabBar.m */,
				0C852B841D3DD97800366171 /* TSBasicCell.h */,
				0C852B851D3DD97800366171 /* TSBasicCell.m */,
			);
			path = View;
			sourceTree = "<group>";
		};
		0CD5C0D61D3729EB001689CB /* Tool */ = {
			isa = PBXGroup;
			children = (
				0CD7F3C51D3CAD7900F50AD3 /* TSConst.h */,
				0CD7F3C61D3CAD7900F50AD3 /* TSConst.m */,
				0CD9A7541D3A2FF00031FA05 /* Singleton.h */,
				0CD5C0DC1D372FE9001689CB /* AFNetAPIClient.h */,
				0CD5C0DD1D372FE9001689CB /* AFNetAPIClient.m */,
				0CD5C0D71D372A1C001689CB /* TSNetWorkTool.h */,
				0CD5C0D81D372A1C001689CB /* TSNetWorkTool.m */,
				0CD9A7511D3A2EC10031FA05 /* TSTool.h */,
				0CD9A7521D3A2EC10031FA05 /* TSTool.m */,
			);
			path = Tool;
			sourceTree = "<group>";
		};
		0CE3A7271D34DFB400D3AC88 /* SDCycleScrollView */ = {
			isa = PBXGroup;
			children = (
				0CE3A7281D34DFB400D3AC88 /* PageControl */,
				0CE3A7311D34DFB400D3AC88 /* SDCollectionViewCell.h */,
				0CE3A7321D34DFB400D3AC88 /* SDCollectionViewCell.m */,
				0CE3A7331D34DFB400D3AC88 /* SDCycleScrollView.h */,
				0CE3A7341D34DFB400D3AC88 /* SDCycleScrollView.m */,
				0CE3A7351D34DFB400D3AC88 /* UIView+SDExtension.h */,
				0CE3A7361D34DFB400D3AC88 /* UIView+SDExtension.m */,
			);
			path = SDCycleScrollView;
			sourceTree = "<group>";
		};
		0CE3A7281D34DFB400D3AC88 /* PageControl */ = {
			isa = PBXGroup;
			children = (
				0CE3A7291D34DFB400D3AC88 /* TAAbstractDotView.h */,
				0CE3A72A1D34DFB400D3AC88 /* TAAbstractDotView.m */,
				0CE3A72B1D34DFB400D3AC88 /* TAAnimatedDotView.h */,
				0CE3A72C1D34DFB400D3AC88 /* TAAnimatedDotView.m */,
				0CE3A72D1D34DFB400D3AC88 /* TADotView.h */,
				0CE3A72E1D34DFB400D3AC88 /* TADotView.m */,
				0CE3A72F1D34DFB400D3AC88 /* TAPageControl.h */,
				0CE3A7301D34DFB400D3AC88 /* TAPageControl.m */,
			);
			path = PageControl;
			sourceTree = "<group>";
		};
		3AE97AE8A9DCD7F20DD0C2CB /* Frameworks */ = {
			isa = PBXGroup;
			children = (
				8B31774FAB52BA628F0B2A2B /* Pods_Mi_ToShow.framework */,
			);
			name = Frameworks;
			sourceTree = "<group>";
		};
		3D86F745F3AB2EBBF3A2CCE6 /* Pods */ = {
			isa = PBXGroup;
			children = (
				6D2E8B77BA4A5E4B0F248EFF /* Pods-Mi-ToShow.debug.xcconfig */,
				929709905FF0C3E405C007CE /* Pods-Mi-ToShow.release.xcconfig */,
			);
			name = Pods;
			sourceTree = "<group>";
		};
/* End PBXGroup section */

/* Begin PBXNativeTarget section */
		0C3651081D30910800857854 /* Mi-ToShow */ = {
			isa = PBXNativeTarget;
			buildConfigurationList = 0C3651361D30910800857854 /* Build configuration list for PBXNativeTarget "Mi-ToShow" */;
			buildPhases = (
				2530CFA0E4849E7FC23D1C5A /* 📦 Check Pods Manifest.lock */,
				0C3651051D30910800857854 /* Sources */,
				0C3651061D30910800857854 /* Frameworks */,
				0C3651071D30910800857854 /* Resources */,
				5C160BFF8083CC101DB9AA1A /* 📦 Embed Pods Frameworks */,
				B497EB9DA70C8939F7EED341 /* 📦 Copy Pods Resources */,
			);
			buildRules = (
			);
			dependencies = (
			);
			name = "Mi-ToShow";
			productName = "Mi-ToShow";
			productReference = 0C3651091D30910800857854 /* Mi-ToShow.app */;
			productType = "com.apple.product-type.application";
		};
		0C3651211D30910800857854 /* Mi-ToShowTests */ = {
			isa = PBXNativeTarget;
			buildConfigurationList = 0C3651391D30910800857854 /* Build configuration list for PBXNativeTarget "Mi-ToShowTests" */;
			buildPhases = (
				0C36511E1D30910800857854 /* Sources */,
				0C36511F1D30910800857854 /* Frameworks */,
				0C3651201D30910800857854 /* Resources */,
			);
			buildRules = (
			);
			dependencies = (
				0C3651241D30910800857854 /* PBXTargetDependency */,
			);
			name = "Mi-ToShowTests";
			productName = "Mi-ToShowTests";
			productReference = 0C3651221D30910800857854 /* Mi-ToShowTests.xctest */;
			productType = "com.apple.product-type.bundle.unit-test";
		};
		0C36512C1D30910800857854 /* Mi-ToShowUITests */ = {
			isa = PBXNativeTarget;
			buildConfigurationList = 0C36513C1D30910800857854 /* Build configuration list for PBXNativeTarget "Mi-ToShowUITests" */;
			buildPhases = (
				0C3651291D30910800857854 /* Sources */,
				0C36512A1D30910800857854 /* Frameworks */,
				0C36512B1D30910800857854 /* Resources */,
			);
			buildRules = (
			);
			dependencies = (
				0C36512F1D30910800857854 /* PBXTargetDependency */,
			);
			name = "Mi-ToShowUITests";
			productName = "Mi-ToShowUITests";
			productReference = 0C36512D1D30910800857854 /* Mi-ToShowUITests.xctest */;
			productType = "com.apple.product-type.bundle.ui-testing";
		};
/* End PBXNativeTarget section */

/* Begin PBXProject section */
		0C3651011D30910800857854 /* Project object */ = {
			isa = PBXProject;
			attributes = {
				CLASSPREFIX = TS;
				LastUpgradeCheck = 0730;
				ORGANIZATIONNAME = TS;
				TargetAttributes = {
					0C3651081D30910800857854 = {
						CreatedOnToolsVersion = 7.3.1;
						DevelopmentTeam = CJS458X77D;
					};
					0C3651211D30910800857854 = {
						CreatedOnToolsVersion = 7.3.1;
						TestTargetID = 0C3651081D30910800857854;
					};
					0C36512C1D30910800857854 = {
						CreatedOnToolsVersion = 7.3.1;
						TestTargetID = 0C3651081D30910800857854;
					};
				};
			};
			buildConfigurationList = 0C3651041D30910800857854 /* Build configuration list for PBXProject "Mi-ToShow" */;
			compatibilityVersion = "Xcode 3.2";
			developmentRegion = English;
			hasScannedForEncodings = 0;
			knownRegions = (
				en,
				Base,
			);
			mainGroup = 0C3651001D30910800857854;
			productRefGroup = 0C36510A1D30910800857854 /* Products */;
			projectDirPath = "";
			projectRoot = "";
			targets = (
				0C3651081D30910800857854 /* Mi-ToShow */,
				0C3651211D30910800857854 /* Mi-ToShowTests */,
				0C36512C1D30910800857854 /* Mi-ToShowUITests */,
			);
		};
/* End PBXProject section */

/* Begin PBXResourcesBuildPhase section */
		0C3651071D30910800857854 /* Resources */ = {
			isa = PBXResourcesBuildPhase;
			buildActionMask = 2147483647;
			files = (
				0C9B0FAC1D388AC400F76773 /* TSDrawHotTableViewCell.xib in Resources */,
				0C9B0FAE1D388AC400F76773 /* TSDrawNewCell.xib in Resources */,
				0CD5C0DB1D372F5C001689CB /* https.cer in Resources */,
				0C36511C1D30910800857854 /* LaunchScreen.storyboard in Resources */,
				0C852B8E1D3DFAF800366171 /* TSLetterCell.xib in Resources */,
				0C9B0FB41D38B33100F76773 /* TSSquareCollectionViewCell.xib in Resources */,
				0C3651191D30910800857854 /* Assets.xcassets in Resources */,
			);
			runOnlyForDeploymentPostprocessing = 0;
		};
		0C3651201D30910800857854 /* Resources */ = {
			isa = PBXResourcesBuildPhase;
			buildActionMask = 2147483647;
			files = (
			);
			runOnlyForDeploymentPostprocessing = 0;
		};
		0C36512B1D30910800857854 /* Resources */ = {
			isa = PBXResourcesBuildPhase;
			buildActionMask = 2147483647;
			files = (
			);
			runOnlyForDeploymentPostprocessing = 0;
		};
/* End PBXResourcesBuildPhase section */

/* Begin PBXShellScriptBuildPhase section */
		2530CFA0E4849E7FC23D1C5A /* 📦 Check Pods Manifest.lock */ = {
			isa = PBXShellScriptBuildPhase;
			buildActionMask = 2147483647;
			files = (
			);
			inputPaths = (
			);
			name = "📦 Check Pods Manifest.lock";
			outputPaths = (
			);
			runOnlyForDeploymentPostprocessing = 0;
			shellPath = /bin/sh;
			shellScript = "diff \"${PODS_ROOT}/../Podfile.lock\" \"${PODS_ROOT}/Manifest.lock\" > /dev/null\nif [[ $? != 0 ]] ; then\n    cat << EOM\nerror: The sandbox is not in sync with the Podfile.lock. Run 'pod install' or update your CocoaPods installation.\nEOM\n    exit 1\nfi\n";
			showEnvVarsInLog = 0;
		};
		5C160BFF8083CC101DB9AA1A /* 📦 Embed Pods Frameworks */ = {
			isa = PBXShellScriptBuildPhase;
			buildActionMask = 2147483647;
			files = (
			);
			inputPaths = (
			);
			name = "📦 Embed Pods Frameworks";
			outputPaths = (
			);
			runOnlyForDeploymentPostprocessing = 0;
			shellPath = /bin/sh;
			shellScript = "\"${SRCROOT}/Pods/Target Support Files/Pods-Mi-ToShow/Pods-Mi-ToShow-frameworks.sh\"\n";
			showEnvVarsInLog = 0;
		};
		B497EB9DA70C8939F7EED341 /* 📦 Copy Pods Resources */ = {
			isa = PBXShellScriptBuildPhase;
			buildActionMask = 2147483647;
			files = (
			);
			inputPaths = (
			);
			name = "📦 Copy Pods Resources";
			outputPaths = (
			);
			runOnlyForDeploymentPostprocessing = 0;
			shellPath = /bin/sh;
			shellScript = "\"${SRCROOT}/Pods/Target Support Files/Pods-Mi-ToShow/Pods-Mi-ToShow-resources.sh\"\n";
			showEnvVarsInLog = 0;
		};
/* End PBXShellScriptBuildPhase section */

/* Begin PBXSourcesBuildPhase section */
		0C3651051D30910800857854 /* Sources */ = {
			isa = PBXSourcesBuildPhase;
			buildActionMask = 2147483647;
			files = (
				0CA6F9421D3335610019A7BA /* TSCareController.m in Sources */,
				0CD7F3C71D3CAD7900F50AD3 /* TSConst.m in Sources */,
				0CE3A7371D34DFB400D3AC88 /* TAAbstractDotView.m in Sources */,
				0CD9A74D1D3A0D9C0031FA05 /* TSCollectionFootView.m in Sources */,
				0C36518B1D30E4C500857854 /* UIColor+LJ.m in Sources */,
				0C9B0FB71D38D7D300F76773 /* TSSomeOneView.m in Sources */,
				0CD7F3C41D3C71E900F50AD3 /* UIColor+TS.m in Sources */,
				0CA6F96E1D3393240019A7BA /* TSHomeRightController.m in Sources */,
				0C9B0F9B1D388A9A00F76773 /* TSTopic.m in Sources */,
				0C36518C1D30E4C500857854 /* UIFont+LJ.m in Sources */,
				0C9B0F991D388A9A00F76773 /* TSAllDrawTopic.m in Sources */,
				0C36517E1D30E49F00857854 /* Foundation+Log.m in Sources */,
				0C9B0F9C1D388A9A00F76773 /* TSUser.m in Sources */,
				0CD9A7531D3A2EC10031FA05 /* TSTool.m in Sources */,
				0C36515F1D30A2D700857854 /* TSHomeController.m in Sources */,
				0C9B0FAD1D388AC400F76773 /* TSDrawNewCell.m in Sources */,
				0CA6F9461D33356F0019A7BA /* TSDrawController.m in Sources */,
				0CD5C0D91D372A1C001689CB /* TSNetWorkTool.m in Sources */,
				0CE3A73B1D34DFB400D3AC88 /* SDCollectionViewCell.m in Sources */,
				0CE3A7381D34DFB400D3AC88 /* TAAnimatedDotView.m in Sources */,
				0CA6F95D1D333D610019A7BA /* TSTabBarController.m in Sources */,
				0C852B831D3DD87600366171 /* TSMessageMeCell.m in Sources */,
				0CA6F95F1D333D610019A7BA /* TSTabBar.m in Sources */,
				0CA6F9651D336EBD0019A7BA /* TSNavigationBar.m in Sources */,
				0C852B781D3DCD7300366171 /* TSMessageMeController.m in Sources */,
				0C36517C1D30D90500857854 /* UIView+Extension.m in Sources */,
				0C3651891D30E4C500857854 /* NSString+SizeWithFont.m in Sources */,
				0CE3A73C1D34DFB400D3AC88 /* SDCycleScrollView.m in Sources */,
				0C9B0FB21D38B2F900F76773 /* TSSquareCollectionViewCell.m in Sources */,
				0CA6F95B1D333D610019A7BA /* TSBasicViewController.m in Sources */,
				0CA6F94A1D33357E0019A7BA /* TSMessageController.m in Sources */,
				0C36510E1D30910800857854 /* main.m in Sources */,
				0C852B891D3DF63F00366171 /* TSCellBottomLine.m in Sources */,
				0C9B0F9A1D388A9A00F76773 /* TSBanner.m in Sources */,
				0C36518D1D30E4C500857854 /* UIImage+Mi.m in Sources */,
				0CA6F95E1D333D610019A7BA /* TSCustomTabBar.m in Sources */,
				0C9B0FAB1D388AC400F76773 /* TSDrawHotTableViewCell.m in Sources */,
				0CE3A73D1D34DFB400D3AC88 /* UIView+SDExtension.m in Sources */,
				0C9B0FAF1D388AC400F76773 /* TSCollectionHeaderView.m in Sources */,
				0CD5C0DE1D372FE9001689CB /* AFNetAPIClient.m in Sources */,
				0C9B0F9D1D388A9A00F76773 /* TSWork.m in Sources */,
				0CD9A7501D3A0EE30031FA05 /* TSLeftTitleRightImageButton.m in Sources */,
				0C9B0F981D388A9A00F76773 /* DrawTopic.m in Sources */,
				0C852B861D3DD97800366171 /* TSBasicCell.m in Sources */,
				0C852B8C1D3DFA7C00366171 /* TSLetterCell.m in Sources */,
				0CE3A73A1D34DFB400D3AC88 /* TAPageControl.m in Sources */,
				0C852B751D3DBBB800366171 /* UIImageView+TSWebImageView.m in Sources */,
				0C36518A1D30E4C500857854 /* UIButton+costomBtn.m in Sources */,
				0C852B7E1D3DCE2600366171 /* TSMessageLetterController.m in Sources */,
				0CA6F96B1D3393160019A7BA /* TSHomeLeftController.m in Sources */,
				0CA6F95A1D333D610019A7BA /* AppDelegate.mm in Sources */,
				0CA6F95C1D333D610019A7BA /* TSNavigationController.m in Sources */,
				0C3651631D30A34500857854 /* TSMeController.m in Sources */,
				0CE3A7391D34DFB400D3AC88 /* TADotView.m in Sources */,
			);
			runOnlyForDeploymentPostprocessing = 0;
		};
		0C36511E1D30910800857854 /* Sources */ = {
			isa = PBXSourcesBuildPhase;
			buildActionMask = 2147483647;
			files = (
				0C3651271D30910800857854 /* Mi_ToShowTests.m in Sources */,
			);
			runOnlyForDeploymentPostprocessing = 0;
		};
		0C3651291D30910800857854 /* Sources */ = {
			isa = PBXSourcesBuildPhase;
			buildActionMask = 2147483647;
			files = (
				0C3651321D30910800857854 /* Mi_ToShowUITests.m in Sources */,
			);
			runOnlyForDeploymentPostprocessing = 0;
		};
/* End PBXSourcesBuildPhase section */

/* Begin PBXTargetDependency section */
		0C3651241D30910800857854 /* PBXTargetDependency */ = {
			isa = PBXTargetDependency;
			target = 0C3651081D30910800857854 /* Mi-ToShow */;
			targetProxy = 0C3651231D30910800857854 /* PBXContainerItemProxy */;
		};
		0C36512F1D30910800857854 /* PBXTargetDependency */ = {
			isa = PBXTargetDependency;
			target = 0C3651081D30910800857854 /* Mi-ToShow */;
			targetProxy = 0C36512E1D30910800857854 /* PBXContainerItemProxy */;
		};
/* End PBXTargetDependency section */

/* Begin PBXVariantGroup section */
		0C36511A1D30910800857854 /* LaunchScreen.storyboard */ = {
			isa = PBXVariantGroup;
			children = (
				0C36511B1D30910800857854 /* Base */,
			);
			name = LaunchScreen.storyboard;
			sourceTree = "<group>";
		};
/* End PBXVariantGroup section */

/* Begin XCBuildConfiguration section */
		0C3651341D30910800857854 /* Debug */ = {
			isa = XCBuildConfiguration;
			buildSettings = {
				ALWAYS_SEARCH_USER_PATHS = NO;
				CLANG_ANALYZER_NONNULL = YES;
				CLANG_CXX_LANGUAGE_STANDARD = "gnu++0x";
				CLANG_CXX_LIBRARY = "libc++";
				CLANG_ENABLE_MODULES = YES;
				CLANG_ENABLE_OBJC_ARC = YES;
				CLANG_WARN_BOOL_CONVERSION = YES;
				CLANG_WARN_CONSTANT_CONVERSION = YES;
				CLANG_WARN_DIRECT_OBJC_ISA_USAGE = YES_ERROR;
				CLANG_WARN_EMPTY_BODY = YES;
				CLANG_WARN_ENUM_CONVERSION = YES;
				CLANG_WARN_INT_CONVERSION = YES;
				CLANG_WARN_OBJC_ROOT_CLASS = YES_ERROR;
				CLANG_WARN_UNREACHABLE_CODE = YES;
				CLANG_WARN__DUPLICATE_METHOD_MATCH = YES;
				"CODE_SIGN_IDENTITY[sdk=iphoneos*]" = "iPhone Developer";
				COPY_PHASE_STRIP = NO;
				DEBUG_INFORMATION_FORMAT = dwarf;
				ENABLE_STRICT_OBJC_MSGSEND = YES;
				ENABLE_TESTABILITY = YES;
				GCC_C_LANGUAGE_STANDARD = gnu99;
				GCC_DYNAMIC_NO_PIC = NO;
				GCC_NO_COMMON_BLOCKS = YES;
				GCC_OPTIMIZATION_LEVEL = 0;
				GCC_PREPROCESSOR_DEFINITIONS = (
					"DEBUG=1",
					"$(inherited)",
				);
				GCC_WARN_64_TO_32_BIT_CONVERSION = YES;
				GCC_WARN_ABOUT_RETURN_TYPE = YES_ERROR;
				GCC_WARN_UNDECLARED_SELECTOR = YES;
				GCC_WARN_UNINITIALIZED_AUTOS = YES_AGGRESSIVE;
				GCC_WARN_UNUSED_FUNCTION = YES;
				GCC_WARN_UNUSED_VARIABLE = YES;
				IPHONEOS_DEPLOYMENT_TARGET = 9.3;
				MTL_ENABLE_DEBUG_INFO = YES;
				ONLY_ACTIVE_ARCH = YES;
				SDKROOT = iphoneos;
				TARGETED_DEVICE_FAMILY = "1,2";
			};
			name = Debug;
		};
		0C3651351D30910800857854 /* Release */ = {
			isa = XCBuildConfiguration;
			buildSettings = {
				ALWAYS_SEARCH_USER_PATHS = NO;
				CLANG_ANALYZER_NONNULL = YES;
				CLANG_CXX_LANGUAGE_STANDARD = "gnu++0x";
				CLANG_CXX_LIBRARY = "libc++";
				CLANG_ENABLE_MODULES = YES;
				CLANG_ENABLE_OBJC_ARC = YES;
				CLANG_WARN_BOOL_CONVERSION = YES;
				CLANG_WARN_CONSTANT_CONVERSION = YES;
				CLANG_WARN_DIRECT_OBJC_ISA_USAGE = YES_ERROR;
				CLANG_WARN_EMPTY_BODY = YES;
				CLANG_WARN_ENUM_CONVERSION = YES;
				CLANG_WARN_INT_CONVERSION = YES;
				CLANG_WARN_OBJC_ROOT_CLASS = YES_ERROR;
				CLANG_WARN_UNREACHABLE_CODE = YES;
				CLANG_WARN__DUPLICATE_METHOD_MATCH = YES;
				"CODE_SIGN_IDENTITY[sdk=iphoneos*]" = "iPhone Developer";
				COPY_PHASE_STRIP = NO;
				DEBUG_INFORMATION_FORMAT = "dwarf-with-dsym";
				ENABLE_NS_ASSERTIONS = NO;
				ENABLE_STRICT_OBJC_MSGSEND = YES;
				GCC_C_LANGUAGE_STANDARD = gnu99;
				GCC_NO_COMMON_BLOCKS = YES;
				GCC_WARN_64_TO_32_BIT_CONVERSION = YES;
				GCC_WARN_ABOUT_RETURN_TYPE = YES_ERROR;
				GCC_WARN_UNDECLARED_SELECTOR = YES;
				GCC_WARN_UNINITIALIZED_AUTOS = YES_AGGRESSIVE;
				GCC_WARN_UNUSED_FUNCTION = YES;
				GCC_WARN_UNUSED_VARIABLE = YES;
				IPHONEOS_DEPLOYMENT_TARGET = 9.3;
				MTL_ENABLE_DEBUG_INFO = NO;
				SDKROOT = iphoneos;
				TARGETED_DEVICE_FAMILY = "1,2";
				VALIDATE_PRODUCT = YES;
			};
			name = Release;
		};
		0C3651371D30910800857854 /* Debug */ = {
			isa = XCBuildConfiguration;
			baseConfigurationReference = 6D2E8B77BA4A5E4B0F248EFF /* Pods-Mi-ToShow.debug.xcconfig */;
			buildSettings = {
				ASSETCATALOG_COMPILER_APPICON_NAME = AppIcon;
				CODE_SIGN_IDENTITY = "iPhone Developer";
				GCC_PRECOMPILE_PREFIX_HEADER = YES;
				GCC_PREFIX_HEADER = "$(SRCROOT)/Mi-ToShow/Classes/Other/Header/TSHeader.pch";
				INFOPLIST_FILE = "Mi-ToShow/Info.plist";
				IPHONEOS_DEPLOYMENT_TARGET = 8.0;
				LD_RUNPATH_SEARCH_PATHS = "$(inherited) @executable_path/Frameworks";
				PRODUCT_BUNDLE_IDENTIFIER = "com.lechezai.LJWLKJ.Mi-ToShow";
				PRODUCT_NAME = "$(TARGET_NAME)";
				TARGETED_DEVICE_FAMILY = "1,2";
			};
			name = Debug;
		};
		0C3651381D30910800857854 /* Release */ = {
			isa = XCBuildConfiguration;
			baseConfigurationReference = 929709905FF0C3E405C007CE /* Pods-Mi-ToShow.release.xcconfig */;
			buildSettings = {
				ASSETCATALOG_COMPILER_APPICON_NAME = AppIcon;
				CODE_SIGN_IDENTITY = "iPhone Developer";
				GCC_PRECOMPILE_PREFIX_HEADER = YES;
				GCC_PREFIX_HEADER = "$(SRCROOT)/Mi-ToShow/Classes/Other/Header/TSHeader.pch";
				INFOPLIST_FILE = "Mi-ToShow/Info.plist";
				IPHONEOS_DEPLOYMENT_TARGET = 8.0;
				LD_RUNPATH_SEARCH_PATHS = "$(inherited) @executable_path/Frameworks";
				PRODUCT_BUNDLE_IDENTIFIER = "com.lechezai.LJWLKJ.Mi-ToShow";
				PRODUCT_NAME = "$(TARGET_NAME)";
				TARGETED_DEVICE_FAMILY = "1,2";
			};
			name = Release;
		};
		0C36513A1D30910800857854 /* Debug */ = {
			isa = XCBuildConfiguration;
			buildSettings = {
				BUNDLE_LOADER = "$(TEST_HOST)";
				INFOPLIST_FILE = "Mi-ToShowTests/Info.plist";
				LD_RUNPATH_SEARCH_PATHS = "$(inherited) @executable_path/Frameworks @loader_path/Frameworks";
				PRODUCT_BUNDLE_IDENTIFIER = "com.lechezai.LJWLKJ.Mi-ToShowTests";
				PRODUCT_NAME = "$(TARGET_NAME)";
				TEST_HOST = "$(BUILT_PRODUCTS_DIR)/Mi-ToShow.app/Mi-ToShow";
			};
			name = Debug;
		};
		0C36513B1D30910800857854 /* Release */ = {
			isa = XCBuildConfiguration;
			buildSettings = {
				BUNDLE_LOADER = "$(TEST_HOST)";
				INFOPLIST_FILE = "Mi-ToShowTests/Info.plist";
				LD_RUNPATH_SEARCH_PATHS = "$(inherited) @executable_path/Frameworks @loader_path/Frameworks";
				PRODUCT_BUNDLE_IDENTIFIER = "com.lechezai.LJWLKJ.Mi-ToShowTests";
				PRODUCT_NAME = "$(TARGET_NAME)";
				TEST_HOST = "$(BUILT_PRODUCTS_DIR)/Mi-ToShow.app/Mi-ToShow";
			};
			name = Release;
		};
		0C36513D1D30910800857854 /* Debug */ = {
			isa = XCBuildConfiguration;
			buildSettings = {
				INFOPLIST_FILE = "Mi-ToShowUITests/Info.plist";
				LD_RUNPATH_SEARCH_PATHS = "$(inherited) @executable_path/Frameworks @loader_path/Frameworks";
				PRODUCT_BUNDLE_IDENTIFIER = "com.lechezai.LJWLKJ.Mi-ToShowUITests";
				PRODUCT_NAME = "$(TARGET_NAME)";
				TEST_TARGET_NAME = "Mi-ToShow";
			};
			name = Debug;
		};
		0C36513E1D30910800857854 /* Release */ = {
			isa = XCBuildConfiguration;
			buildSettings = {
				INFOPLIST_FILE = "Mi-ToShowUITests/Info.plist";
				LD_RUNPATH_SEARCH_PATHS = "$(inherited) @executable_path/Frameworks @loader_path/Frameworks";
				PRODUCT_BUNDLE_IDENTIFIER = "com.lechezai.LJWLKJ.Mi-ToShowUITests";
				PRODUCT_NAME = "$(TARGET_NAME)";
				TEST_TARGET_NAME = "Mi-ToShow";
			};
			name = Release;
		};
/* End XCBuildConfiguration section */

/* Begin XCConfigurationList section */
		0C3651041D30910800857854 /* Build configuration list for PBXProject "Mi-ToShow" */ = {
			isa = XCConfigurationList;
			buildConfigurations = (
				0C3651341D30910800857854 /* Debug */,
				0C3651351D30910800857854 /* Release */,
			);
			defaultConfigurationIsVisible = 0;
			defaultConfigurationName = Release;
		};
		0C3651361D30910800857854 /* Build configuration list for PBXNativeTarget "Mi-ToShow" */ = {
			isa = XCConfigurationList;
			buildConfigurations = (
				0C3651371D30910800857854 /* Debug */,
				0C3651381D30910800857854 /* Release */,
			);
			defaultConfigurationIsVisible = 0;
			defaultConfigurationName = Release;
		};
		0C3651391D30910800857854 /* Build configuration list for PBXNativeTarget "Mi-ToShowTests" */ = {
			isa = XCConfigurationList;
			buildConfigurations = (
				0C36513A1D30910800857854 /* Debug */,
				0C36513B1D30910800857854 /* Release */,
			);
			defaultConfigurationIsVisible = 0;
			defaultConfigurationName = Release;
		};
		0C36513C1D30910800857854 /* Build configuration list for PBXNativeTarget "Mi-ToShowUITests" */ = {
			isa = XCConfigurationList;
			buildConfigurations = (
				0C36513D1D30910800857854 /* Debug */,
				0C36513E1D30910800857854 /* Release */,
			);
			defaultConfigurationIsVisible = 0;
			defaultConfigurationName = Release;
		};
/* End XCConfigurationList section */
	};
	rootObject = 0C3651011D30910800857854 /* Project object */;
}
